
Microsoft Visual Studio Solution File, Format Version 11.00
# Visual Studio 2010
Project("{8BC9CEB8-8B4A-11D0-8D11-00A0C91BC942}") = "utils", "utils.vcxproj", "{6F0FA2F1-4B47-46A3-9D41-85CFF808F5F4}"
EndProject
Project("{8BC9CEB8-8B4A-11D0-8D11-00A0C91BC942}") = "model", "model.vcxproj", "{D4D9FB66-1740-418C-9562-C80BB3616201}"
	ProjectSection(ProjectDependencies) = postProject
		{6F0FA2F1-4B47-46A3-9D41-85CFF808F5F4} = {6F0FA2F1-4B47-46A3-9D41-85CFF808F5F4}
	EndProjectSection
EndProject
Project("{8BC9CEB8-8B4A-11D0-8D11-00A0C91BC942}") = "solver", "solver.vcxproj", "{6DE68CE9-14C8-4B92-B91A-4FD899B0F7C3}"
	ProjectSection(ProjectDependencies) = postProject
		{D4D9FB66-1740-418C-9562-C80BB3616201} = {D4D9FB66-1740-418C-9562-C80BB3616201}
	EndProjectSection
EndProject
Project("{8BC9CEB8-8B4A-11D0-8D11-00A0C91BC942}") = "dll", "dll.vcxproj", "{36145D08-F369-4F6E-8BB6-13B1416CEA66}"
	ProjectSection(ProjectDependencies) = postProject
		{6DE68CE9-14C8-4B92-B91A-4FD899B0F7C3} = {6DE68CE9-14C8-4B92-B91A-4FD899B0F7C3}
	EndProjectSection
EndProject
Project("{8BC9CEB8-8B4A-11D0-8D11-00A0C91BC942}") = "main", "main.vcxproj", "{9E0E5751-80B4-47D1-8CB8-246C7A8FA23C}"
EndProject
Project("{8BC9CEB8-8B4A-11D0-8D11-00A0C91BC942}") = "createkey", "createkey.vcxproj", "{6718D176-F365-4F53-BAAB-9B8C12D566CC}"
EndProject
Project("{8BC9CEB8-8B4A-11D0-8D11-00A0C91BC942}") = "createlicense", "createlicense.vcxproj", "{94899905-1C41-48C2-A3B7-FF35F918454E}"
EndProject
Project("{8BC9CEB8-8B4A-11D0-8D11-00A0C91BC942}") = "module_forecast", "module_forecast.vcxproj", "{31D68A35-3351-4F55-AC8A-DB8B9E71B33C}"
EndProject
Project("{8BC9CEB8-8B4A-11D0-8D11-00A0C91BC942}") = "module_webserver", "module_webserver.vcxproj", "{27BD6E1A-2532-4798-B131-E7C77735C44D}"
EndProject
Global
	GlobalSection(SolutionConfigurationPlatforms) = preSolution
		Debug|Win32 = Debug|Win32
		Release|Win32 = Release|Win32
	EndGlobalSection
	GlobalSection(ProjectConfigurationPlatforms) = postSolution
		{6F0FA2F1-4B47-46A3-9D41-85CFF808F5F4}.Debug|Win32.ActiveCfg = Debug|Win32
		{6F0FA2F1-4B47-46A3-9D41-85CFF808F5F4}.Debug|Win32.Build.0 = Debug|Win32
		{6F0FA2F1-4B47-46A3-9D41-85CFF808F5F4}.Release|Win32.ActiveCfg = Release|Win32
		{6F0FA2F1-4B47-46A3-9D41-85CFF808F5F4}.Release|Win32.Build.0 = Release|Win32
		{D4D9FB66-1740-418C-9562-C80BB3616201}.Debug|Win32.ActiveCfg = Debug|Win32
		{D4D9FB66-1740-418C-9562-C80BB3616201}.Debug|Win32.Build.0 = Debug|Win32
		{D4D9FB66-1740-418C-9562-C80BB3616201}.Release|Win32.ActiveCfg = Release|Win32
		{D4D9FB66-1740-418C-9562-C80BB3616201}.Release|Win32.Build.0 = Release|Win32
		{6DE68CE9-14C8-4B92-B91A-4FD899B0F7C3}.Debug|Win32.ActiveCfg = Debug|Win32
		{6DE68CE9-14C8-4B92-B91A-4FD899B0F7C3}.Debug|Win32.Build.0 = Debug|Win32
		{6DE68CE9-14C8-4B92-B91A-4FD899B0F7C3}.Release|Win32.ActiveCfg = Release|Win32
		{6DE68CE9-14C8-4B92-B91A-4FD899B0F7C3}.Release|Win32.Build.0 = Release|Win32
		{36145D08-F369-4F6E-8BB6-13B1416CEA66}.Debug|Win32.ActiveCfg = Debug|Win32
		{36145D08-F369-4F6E-8BB6-13B1416CEA66}.Debug|Win32.Build.0 = Debug|Win32
		{36145D08-F369-4F6E-8BB6-13B1416CEA66}.Release|Win32.ActiveCfg = Release|Win32
		{36145D08-F369-4F6E-8BB6-13B1416CEA66}.Release|Win32.Build.0 = Release|Win32
		{9E0E5751-80B4-47D1-8CB8-246C7A8FA23C}.Debug|Win32.ActiveCfg = Debug|Win32
		{9E0E5751-80B4-47D1-8CB8-246C7A8FA23C}.Debug|Win32.Build.0 = Debug|Win32
		{9E0E5751-80B4-47D1-8CB8-246C7A8FA23C}.Release|Win32.ActiveCfg = Release|Win32
		{9E0E5751-80B4-47D1-8CB8-246C7A8FA23C}.Release|Win32.Build.0 = Release|Win32
		{6718D176-F365-4F53-BAAB-9B8C12D566CC}.Debug|Win32.ActiveCfg = Debug|Win32
		{6718D176-F365-4F53-BAAB-9B8C12D566CC}.Debug|Win32.Build.0 = Debug|Win32
		{6718D176-F365-4F53-BAAB-9B8C12D566CC}.Release|Win32.ActiveCfg = Release|Win32
		{6718D176-F365-4F53-BAAB-9B8C12D566CC}.Release|Win32.Build.0 = Release|Win32
		{94899905-1C41-48C2-A3B7-FF35F918454E}.Debug|Win32.ActiveCfg = Debug|Win32
		{94899905-1C41-48C2-A3B7-FF35F918454E}.Debug|Win32.Build.0 = Debug|Win32
		{94899905-1C41-48C2-A3B7-FF35F918454E}.Release|Win32.ActiveCfg = Release|Win32
		{94899905-1C41-48C2-A3B7-FF35F918454E}.Release|Win32.Build.0 = Release|Win32
		{31D68A35-3351-4F55-AC8A-DB8B9E71B33C}.Debug|Win32.ActiveCfg = Debug|Win32
		{31D68A35-3351-4F55-AC8A-DB8B9E71B33C}.Debug|Win32.Build.0 = Debug|Win32
		{31D68A35-3351-4F55-AC8A-DB8B9E71B33C}.Release|Win32.ActiveCfg = Release|Win32
		{31D68A35-3351-4F55-AC8A-DB8B9E71B33C}.Release|Win32.Build.0 = Release|Win32
		{27BD6E1A-2532-4798-B131-E7C77735C44D}.Debug|Win32.ActiveCfg = Debug|Win32
		{27BD6E1A-2532-4798-B131-E7C77735C44D}.Debug|Win32.Build.0 = Debug|Win32
		{27BD6E1A-2532-4798-B131-E7C77735C44D}.Release|Win32.ActiveCfg = Release|Win32
		{27BD6E1A-2532-4798-B131-E7C77735C44D}.Release|Win32.Build.0 = Release|Win32
	EndGlobalSection
	GlobalSection(SolutionProperties) = preSolution
		HideSolutionNode = FALSE
	EndGlobalSection
EndGlobal
